// !$*UTF8*$!
{
	archiveVersion = 1;
	classes = {
	};
	objectVersion = 46;
	objects = {

/* Begin PBXBuildFile section */
		619A643A1B553D170064370A /* AppDelegate.swift in Sources */ = {isa = PBXBuildFile; fileRef = 619A64391B553D170064370A /* AppDelegate.swift */; };
		619A643C1B553D170064370A /* ViewController.swift in Sources */ = {isa = PBXBuildFile; fileRef = 619A643B1B553D170064370A /* ViewController.swift */; };
		619A643F1B553D170064370A /* Main.storyboard in Resources */ = {isa = PBXBuildFile; fileRef = 619A643D1B553D170064370A /* Main.storyboard */; };
		619A64411B553D170064370A /* Assets.xcassets in Resources */ = {isa = PBXBuildFile; fileRef = 619A64401B553D170064370A /* Assets.xcassets */; };
		619A64561B553DFC0064370A /* RSContactGrid.framework in Frameworks */ = {isa = PBXBuildFile; fileRef = 619A64511B553DCF0064370A /* RSContactGrid.framework */; };
		619A64581B553E2B0064370A /* RSContactGrid.framework in Copy Frameworks */ = {isa = PBXBuildFile; fileRef = 619A64511B553DCF0064370A /* RSContactGrid.framework */; settings = {ATTRIBUTES = (CodeSignOnCopy, RemoveHeadersOnCopy, ); }; };
/* End PBXBuildFile section */

/* Begin PBXContainerItemProxy section */
		619A64501B553DCF0064370A /* PBXContainerItemProxy */ = {
			isa = PBXContainerItemProxy;
			containerPortal = 619A644B1B553DCF0064370A /* RSContactGrid.xcodeproj */;
			proxyType = 2;
			remoteGlobalIDString = 6137B4C71B38740A006AC4C5;
			remoteInfo = RSContactGrid;
		};
		619A64521B553DCF0064370A /* PBXContainerItemProxy */ = {
			isa = PBXContainerItemProxy;
			containerPortal = 619A644B1B553DCF0064370A /* RSContactGrid.xcodeproj */;
			proxyType = 2;
			remoteGlobalIDString = 6137B4D11B38740A006AC4C5;
			remoteInfo = RSContactGridTests;
		};
		619A64541B553DF00064370A /* PBXContainerItemProxy */ = {
			isa = PBXContainerItemProxy;
			containerPortal = 619A644B1B553DCF0064370A /* RSContactGrid.xcodeproj */;
			proxyType = 1;
			remoteGlobalIDString = 6137B4C61B38740A006AC4C5;
			remoteInfo = RSContactGrid;
		};
/* End PBXContainerItemProxy section */

/* Begin PBXCopyFilesBuildPhase section */
		619A64571B553E0B0064370A /* Copy Frameworks */ = {
			isa = PBXCopyFilesBuildPhase;
			buildActionMask = 2147483647;
			dstPath = "";
			dstSubfolderSpec = 10;
			files = (
				619A64581B553E2B0064370A /* RSContactGrid.framework in Copy Frameworks */,
			);
			name = "Copy Frameworks";
			runOnlyForDeploymentPostprocessing = 0;
		};
/* End PBXCopyFilesBuildPhase section */

/* Begin PBXFileReference section */
		619A64361B553D170064370A /* Example.app */ = {isa = PBXFileReference; explicitFileType = wrapper.application; includeInIndex = 0; path = Example.app; sourceTree = BUILT_PRODUCTS_DIR; };
		619A64391B553D170064370A /* AppDelegate.swift */ = {isa = PBXFileReference; lastKnownFileType = sourcecode.swift; path = AppDelegate.swift; sourceTree = "<group>"; };
		619A643B1B553D170064370A /* ViewController.swift */ = {isa = PBXFileReference; lastKnownFileType = sourcecode.swift; path = ViewController.swift; sourceTree = "<group>"; };
		619A643E1B553D170064370A /* Base */ = {isa = PBXFileReference; lastKnownFileType = file.storyboard; name = Base; path = Base.lproj/Main.storyboard; sourceTree = "<group>"; };
		619A64401B553D170064370A /* Assets.xcassets */ = {isa = PBXFileReference; lastKnownFileType = folder.assetcatalog; path = Assets.xcassets; sourceTree = "<group>"; };
		619A64451B553D170064370A /* Info.plist */ = {isa = PBXFileReference; lastKnownFileType = text.plist.xml; path = Info.plist; sourceTree = "<group>"; };
		619A644B1B553DCF0064370A /* RSContactGrid.xcodeproj */ = {isa = PBXFileReference; lastKnownFileType = "wrapper.pb-project"; name = RSContactGrid.xcodeproj; path = ../RSContactGrid/RSContactGrid.xcodeproj; sourceTree = "<group>"; };
/* End PBXFileReference section */

/* Begin PBXFrameworksBuildPhase section */
		619A64331B553D170064370A /* Frameworks */ = {
			isa = PBXFrameworksBuildPhase;
			buildActionMask = 2147483647;
			files = (
				619A64561B553DFC0064370A /* RSContactGrid.framework in Frameworks */,
			);
			runOnlyForDeploymentPostprocessing = 0;
		};
/* End PBXFrameworksBuildPhase section */

/* Begin PBXGroup section */
		619A642D1B553D170064370A = {
			isa = PBXGroup;
			children = (
				619A644B1B553DCF0064370A /* RSContactGrid.xcodeproj */,
				619A64381B553D170064370A /* Example */,
				619A64371B553D170064370A /* Products */,
			);
			sourceTree = "<group>";
		};
		619A64371B553D170064370A /* Products */ = {
			isa = PBXGroup;
			children = (
				619A64361B553D170064370A /* Example.app */,
			);
			name = Products;
			sourceTree = "<group>";
		};
		619A64381B553D170064370A /* Example */ = {
			isa = PBXGroup;
			children = (
				619A64391B553D170064370A /* AppDelegate.swift */,
				619A643B1B553D170064370A /* ViewController.swift */,
				619A643D1B553D170064370A /* Main.storyboard */,
				619A64401B553D170064370A /* Assets.xcassets */,
				619A64451B553D170064370A /* Info.plist */,
			);
			path = Example;
			sourceTree = "<group>";
		};
		619A644C1B553DCF0064370A /* Products */ = {
			isa = PBXGroup;
			children = (
				619A64511B553DCF0064370A /* RSContactGrid.framework */,
				619A64531B553DCF0064370A /* RSContactGridTests.xctest */,
			);
			name = Products;
			sourceTree = "<group>";
		};
/* End PBXGroup section */

/* Begin PBXNativeTarget section */
		619A64351B553D170064370A /* Example */ = {
			isa = PBXNativeTarget;
			buildConfigurationList = 619A64481B553D170064370A /* Build configuration list for PBXNativeTarget "Example" */;
			buildPhases = (
				619A64321B553D170064370A /* Sources */,
				619A64331B553D170064370A /* Frameworks */,
				619A64341B553D170064370A /* Resources */,
				619A64571B553E0B0064370A /* Copy Frameworks */,
			);
			buildRules = (
			);
			dependencies = (
				619A64551B553DF00064370A /* PBXTargetDependency */,
			);
			name = Example;
			productName = Example;
			productReference = 619A64361B553D170064370A /* Example.app */;
			productType = "com.apple.product-type.application";
		};
/* End PBXNativeTarget section */

/* Begin PBXProject section */
		619A642E1B553D170064370A /* Project object */ = {
			isa = PBXProject;
			attributes = {
				LastUpgradeCheck = 0700;
				ORGANIZATIONNAME = "Matthias Fey";
				TargetAttributes = {
					619A64351B553D170064370A = {
						CreatedOnToolsVersion = 7.0;
					};
				};
			};
			buildConfigurationList = 619A64311B553D170064370A /* Build configuration list for PBXProject "Example" */;
			compatibilityVersion = "Xcode 3.2";
			developmentRegion = English;
			hasScannedForEncodings = 0;
			knownRegions = (
				en,
				Base,
			);
			mainGroup = 619A642D1B553D170064370A;
			productRefGroup = 619A64371B553D170064370A /* Products */;
			projectDirPath = "";
			projectReferences = (
				{
					ProductGroup = 619A644C1B553DCF0064370A /* Products */;
					ProjectRef = 619A644B1B553DCF0064370A /* RSContactGrid.xcodeproj */;
				},
			);
			projectRoot = "";
			targets = (
				619A64351B553D170064370A /* Example */,
			);
		};
/* End PBXProject section */

/* Begin PBXReferenceProxy section */
		619A64511B553DCF0064370A /* RSContactGrid.framework */ = {
			isa = PBXReferenceProxy;
			fileType = wrapper.framework;
			path = RSContactGrid.framework;
			remoteRef = 619A64501B553DCF0064370A /* PBXContainerItemProxy */;
			sourceTree = BUILT_PRODUCTS_DIR;
		};
		619A64531B553DCF0064370A /* RSContactGridTests.xctest */ = {
			isa = PBXReferenceProxy;
			fileType = wrapper.cfbundle;
			path = RSContactGridTests.xctest;
			remoteRef = 619A64521B553DCF0064370A /* PBXContainerItemProxy */;
			sourceTree = BUILT_PRODUCTS_DIR;
		};
/* End PBXReferenceProxy section */

/* Begin PBXResourcesBuildPhase section */
		619A64341B553D170064370A /* Resources */ = {
			isa = PBXResourcesBuildPhase;
			buildActionMask = 2147483647;
			files = (
				619A64411B553D170064370A /* Assets.xcassets in Resources */,
				619A643F1B553D170064370A /* Main.storyboard in Resources */,
			);
			runOnlyForDeploymentPostprocessing = 0;
		};
/* End PBXResourcesBuildPhase section */

/* Begin PBXSourcesBuildPhase section */
		619A64321B553D170064370A /* Sources */ = {
			isa = PBXSourcesBuildPhase;
			buildActionMask = 2147483647;
			files = (
				619A643C1B553D170064370A /* ViewController.swift in Sources */,
				619A643A1B553D170064370A /* AppDelegate.swift in Sources */,
			);
			runOnlyForDeploymentPostprocessing = 0;
		};
/* End PBXSourcesBuildPhase section */

/* Begin PBXTargetDependency section */
		619A64551B553DF00064370A /* PBXTargetDependency */ = {
			isa = PBXTargetDependency;
			name = RSContactGrid;
			targetProxy = 619A64541B553DF00064370A /* PBXContainerItemProxy */;
		};
/* End PBXTargetDependency section */

/* Begin PBXVariantGroup section */
		619A643D1B553D170064370A /* Main.storyboard */ = {
			isa = PBXVariantGroup;
			children = (
				619A643E1B553D170064370A /* Base */,
			);
			name = Main.storyboard;
			sourceTree = "<group>";
		};
/* End PBXVariantGroup section */

/* Begin XCBuildConfiguration section */
		619A64461B553D170064370A /* Debug */ = {
			isa = XCBuildConfiguration;
			buildSettings = {
				ALWAYS_SEARCH_USER_PATHS = NO;
				CLANG_CXX_LANGUAGE_STANDARD = "gnu++0x";
				CLANG_CXX_LIBRARY = "libc++";
				CLANG_ENABLE_MODULES = YES;
				CLANG_ENABLE_OBJC_ARC = YES;
				CLANG_WARN_BOOL_CONVERSION = YES;
				CLANG_WARN_CONSTANT_CONVERSION = YES;
				CLANG_WARN_DIRECT_OBJC_ISA_USAGE = YES_ERROR;
				CLANG_WARN_EMPTY_BODY = YES;
				CLANG_WARN_ENUM_CONVERSION = YES;
				CLANG_WARN_INT_CONVERSION = YES;
				CLANG_WARN_OBJC_ROOT_CLASS = YES_ERROR;
				CLANG_WARN_UNREACHABLE_CODE = YES;
				CLANG_WARN__DUPLICATE_METHOD_MATCH = YES;
				"CODE_SIGN_IDENTITY[sdk=iphoneos*]" = "iPhone Developer";
				COPY_PHASE_STRIP = NO;
				DEBUG_INFORMATION_FORMAT = dwarf;
				ENABLE_STRICT_OBJC_MSGSEND = YES;
				ENABLE_TESTABILITY = YES;
				GCC_C_LANGUAGE_STANDARD = gnu99;
				GCC_DYNAMIC_NO_PIC = NO;
				GCC_NO_COMMON_BLOCKS = YES;
				GCC_OPTIMIZATION_LEVEL = 0;
				GCC_PREPROCESSOR_DEFINITIONS = (
					"DEBUG=1",
					"$(inherited)",
				);
				GCC_WARN_64_TO_32_BIT_CONVERSION = YES;
				GCC_WARN_ABOUT_RETURN_TYPE = YES_ERROR;
				GCC_WARN_UNDECLARED_SELECTOR = YES;
				GCC_WARN_UNINITIALIZED_AUTOS = YES_AGGRESSIVE;
				GCC_WARN_UNUSED_FUNCTION = YES;
				GCC_WARN_UNUSED_VARIABLE = YES;
				IPHONEOS_DEPLOYMENT_TARGET = 9.0;
				MTL_ENABLE_DEBUG_INFO = YES;
				ONLY_ACTIVE_ARCH = YES;
				SDKROOT = iphoneos;
				SWIFT_OPTIMIZATION_LEVEL = "-Onone";
				TARGETED_DEVICE_FAMILY = "1,2";
			};
			name = Debug;
		};
		619A64471B553D170064370A /* Release */ = {
			isa = XCBuildConfiguration;
			buildSettings = {
				ALWAYS_SEARCH_USER_PATHS = NO;
				CLANG_CXX_LANGUAGE_STANDARD = "gnu++0x";
				CLANG_CXX_LIBRARY = "libc++";
				CLANG_ENABLE_MODULES = YES;
				CLANG_ENABLE_OBJC_ARC = YES;
				CLANG_WARN_BOOL_CONVERSION = YES;
				CLANG_WARN_CONSTANT_CONVERSION = YES;
				CLANG_WARN_DIRECT_OBJC_ISA_USAGE = YES_ERROR;
				CLANG_WARN_EMPTY_BODY = YES;
				CLANG_WARN_ENUM_CONVERSION = YES;
				CLANG_WARN_INT_CONVERSION = YES;
				CLANG_WARN_OBJC_ROOT_CLASS = YES_ERROR;
				CLANG_WARN_UNREACHABLE_CODE = YES;
				CLANG_WARN__DUPLICATE_METHOD_MATCH = YES;
				"CODE_SIGN_IDENTITY[sdk=iphoneos*]" = "iPhone Developer";
				COPY_PHASE_STRIP = NO;
				DEBUG_INFORMATION_FORMAT = "dwarf-with-dsym";
				ENABLE_NS_ASSERTIONS = NO;
				ENABLE_STRICT_OBJC_MSGSEND = YES;
				GCC_C_LANGUAGE_STANDARD = gnu99;
				GCC_NO_COMMON_BLOCKS = YES;
				GCC_WARN_64_TO_32_BIT_CONVERSION = YES;
				GCC_WARN_ABOUT_RETURN_TYPE = YES_ERROR;
				GCC_WARN_UNDECLARED_SELECTOR = YES;
				GCC_WARN_UNINITIALIZED_AUTOS = YES_AGGRESSIVE;
				GCC_WARN_UNUSED_FUNCTION = YES;
				GCC_WARN_UNUSED_VARIABLE = YES;
				IPHONEOS_DEPLOYMENT_TARGET = 9.0;
				MTL_ENABLE_DEBUG_INFO = NO;
				SDKROOT = iphoneos;
				TARGETED_DEVICE_FAMILY = "1,2";
				VALIDATE_PRODUCT = YES;
			};
			name = Release;
		};
		619A64491B553D170064370A /* Debug */ = {
			isa = XCBuildConfiguration;
			buildSettings = {
				ASSETCATALOG_COMPILER_APPICON_NAME = AppIcon;
				INFOPLIST_FILE = Example/Info.plist;
				LD_RUNPATH_SEARCH_PATHS = "$(inherited) @executable_path/Frameworks";
				PRODUCT_BUNDLE_IDENTIFIER = rusty1s.Example;
				PRODUCT_NAME = "$(TARGET_NAME)";
			};
			name = Debug;
		};
		619A644A1B553D170064370A /* Release */ = {
			isa = XCBuildConfiguration;
			buildSettings = {
				ASSETCATALOG_COMPILER_APPICON_NAME = AppIcon;
				INFOPLIST_FILE = Example/Info.plist;
				LD_RUNPATH_SEARCH_PATHS = "$(inherited) @executable_path/Frameworks";
				PRODUCT_BUNDLE_IDENTIFIER = rusty1s.Example;
				PRODUCT_NAME = "$(TARGET_NAME)";
			};
			name = Release;
		};
/* End XCBuildConfiguration section */

/* Begin XCConfigurationList section */
		619A64311B553D170064370A /* Build configuration list for PBXProject "Example" */ = {
			isa = XCConfigurationList;
			buildConfigurations = (
				619A64461B553D170064370A /* Debug */,
				619A64471B553D170064370A /* Release */,
			);
			defaultConfigurationIsVisible = 0;
			defaultConfigurationName = Release;
		};
		619A64481B553D170064370A /* Build configuration list for PBXNativeTarget "Example" */ = {
			isa = XCConfigurationList;
			buildConfigurations = (
				619A64491B553D170064370A /* Debug */,
				619A644A1B553D170064370A /* Release */,
			);
			defaultConfigurationIsVisible = 0;
		};
/* End XCConfigurationList section */
	};
	rootObject = 619A642E1B553D170064370A /* Project object */;
}
